// !$*UTF8*$!
{
	archiveVersion = 1;
	classes = {
	};
	objectVersion = 56;
	objects = {

/* Begin PBXBuildFile section */
		FD0E981A29769C500009983F /* ProductViewController.swift in Sources */ = {isa = PBXBuildFile; fileRef = FD0E981929769C500009983F /* ProductViewController.swift */; };
		FD0E981C2976ABFF0009983F /* PizzaModel.swift in Sources */ = {isa = PBXBuildFile; fileRef = FD0E981B2976ABFF0009983F /* PizzaModel.swift */; };
		FD28F80029755BEB0026C8A6 /* AppDelegate.swift in Sources */ = {isa = PBXBuildFile; fileRef = FD28F7FF29755BEB0026C8A6 /* AppDelegate.swift */; };
		FD28F80229755BEB0026C8A6 /* SceneDelegate.swift in Sources */ = {isa = PBXBuildFile; fileRef = FD28F80129755BEB0026C8A6 /* SceneDelegate.swift */; };
		FD28F80929755BEC0026C8A6 /* Assets.xcassets in Resources */ = {isa = PBXBuildFile; fileRef = FD28F80829755BEC0026C8A6 /* Assets.xcassets */; };
		FD28F80C29755BEC0026C8A6 /* LaunchScreen.storyboard in Resources */ = {isa = PBXBuildFile; fileRef = FD28F80A29755BEC0026C8A6 /* LaunchScreen.storyboard */; };
		FD28F81429755C5E0026C8A6 /* LoginViewController.swift in Sources */ = {isa = PBXBuildFile; fileRef = FD28F81329755C5D0026C8A6 /* LoginViewController.swift */; };
		FD28F81629757AA70026C8A6 /* UIButton + Extention.swift in Sources */ = {isa = PBXBuildFile; fileRef = FD28F81529757AA70026C8A6 /* UIButton + Extention.swift */; };
		FD28F81829757BA30026C8A6 /* UITexfield+Extention.swift in Sources */ = {isa = PBXBuildFile; fileRef = FD28F81729757BA30026C8A6 /* UITexfield+Extention.swift */; };
		FD28F81A29757FEA0026C8A6 /* ProductsViewController.swift in Sources */ = {isa = PBXBuildFile; fileRef = FD28F81929757FEA0026C8A6 /* ProductsViewController.swift */; };
		FD28F81C29758CC10026C8A6 /* ProductView.swift in Sources */ = {isa = PBXBuildFile; fileRef = FD28F81B29758CC10026C8A6 /* ProductView.swift */; };
		FD83BA412977174500E81E45 /* LabelSwitchView.swift in Sources */ = {isa = PBXBuildFile; fileRef = FD83BA402977174500E81E45 /* LabelSwitchView.swift */; };
		FD83BA45297724E700E81E45 /* CheckoutViewController.swift in Sources */ = {isa = PBXBuildFile; fileRef = FD83BA44297724E700E81E45 /* CheckoutViewController.swift */; };
/* End PBXBuildFile section */

/* Begin PBXFileReference section */
		FD0E981929769C500009983F /* ProductViewController.swift */ = {isa = PBXFileReference; lastKnownFileType = sourcecode.swift; path = ProductViewController.swift; sourceTree = "<group>"; };
		FD0E981B2976ABFF0009983F /* PizzaModel.swift */ = {isa = PBXFileReference; lastKnownFileType = sourcecode.swift; path = PizzaModel.swift; sourceTree = "<group>"; };
		FD28F7FC29755BEB0026C8A6 /* UINavigationViewController.app */ = {isa = PBXFileReference; explicitFileType = wrapper.application; includeInIndex = 0; path = UINavigationViewController.app; sourceTree = BUILT_PRODUCTS_DIR; };
		FD28F7FF29755BEB0026C8A6 /* AppDelegate.swift */ = {isa = PBXFileReference; lastKnownFileType = sourcecode.swift; path = AppDelegate.swift; sourceTree = "<group>"; };
		FD28F80129755BEB0026C8A6 /* SceneDelegate.swift */ = {isa = PBXFileReference; lastKnownFileType = sourcecode.swift; path = SceneDelegate.swift; sourceTree = "<group>"; };
		FD28F80829755BEC0026C8A6 /* Assets.xcassets */ = {isa = PBXFileReference; lastKnownFileType = folder.assetcatalog; path = Assets.xcassets; sourceTree = "<group>"; };
		FD28F80B29755BEC0026C8A6 /* Base */ = {isa = PBXFileReference; lastKnownFileType = file.storyboard; name = Base; path = Base.lproj/LaunchScreen.storyboard; sourceTree = "<group>"; };
		FD28F80D29755BEC0026C8A6 /* Info.plist */ = {isa = PBXFileReference; lastKnownFileType = text.plist.xml; path = Info.plist; sourceTree = "<group>"; };
		FD28F81329755C5D0026C8A6 /* LoginViewController.swift */ = {isa = PBXFileReference; lastKnownFileType = sourcecode.swift; path = LoginViewController.swift; sourceTree = "<group>"; };
		FD28F81529757AA70026C8A6 /* UIButton + Extention.swift */ = {isa = PBXFileReference; lastKnownFileType = sourcecode.swift; path = "UIButton + Extention.swift"; sourceTree = "<group>"; };
		FD28F81729757BA30026C8A6 /* UITexfield+Extention.swift */ = {isa = PBXFileReference; lastKnownFileType = sourcecode.swift; path = "UITexfield+Extention.swift"; sourceTree = "<group>"; };
		FD28F81929757FEA0026C8A6 /* ProductsViewController.swift */ = {isa = PBXFileReference; lastKnownFileType = sourcecode.swift; path = ProductsViewController.swift; sourceTree = "<group>"; };
		FD28F81B29758CC10026C8A6 /* ProductView.swift */ = {isa = PBXFileReference; lastKnownFileType = sourcecode.swift; path = ProductView.swift; sourceTree = "<group>"; };
		FD83BA402977174500E81E45 /* LabelSwitchView.swift */ = {isa = PBXFileReference; lastKnownFileType = sourcecode.swift; path = LabelSwitchView.swift; sourceTree = "<group>"; };
		FD83BA44297724E700E81E45 /* CheckoutViewController.swift */ = {isa = PBXFileReference; lastKnownFileType = sourcecode.swift; path = CheckoutViewController.swift; sourceTree = "<group>"; };
/* End PBXFileReference section */

/* Begin PBXFrameworksBuildPhase section */
		FD28F7F929755BEB0026C8A6 /* Frameworks */ = {
			isa = PBXFrameworksBuildPhase;
			buildActionMask = 2147483647;
			files = (
			);
			runOnlyForDeploymentPostprocessing = 0;
		};
/* End PBXFrameworksBuildPhase section */

/* Begin PBXGroup section */
		FD28F7F329755BEB0026C8A6 = {
			isa = PBXGroup;
			children = (
				FD28F7FE29755BEB0026C8A6 /* UINavigationViewController */,
				FD28F7FD29755BEB0026C8A6 /* Products */,
			);
			sourceTree = "<group>";
		};
		FD28F7FD29755BEB0026C8A6 /* Products */ = {
			isa = PBXGroup;
			children = (
				FD28F7FC29755BEB0026C8A6 /* UINavigationViewController.app */,
			);
			name = Products;
			sourceTree = "<group>";
		};
		FD28F7FE29755BEB0026C8A6 /* UINavigationViewController */ = {
			isa = PBXGroup;
			children = (
				FD83BA43297724C300E81E45 /* DataModel */,
				FD83BA3D297712AB00E81E45 /* Extentions */,
				FD83BA3C2977121F00E81E45 /* Controllers */,
				FD83BA42297724B400E81E45 /* Views */,
				FD28F80129755BEB0026C8A6 /* SceneDelegate.swift */,
				FD28F7FF29755BEB0026C8A6 /* AppDelegate.swift */,
				FD28F80829755BEC0026C8A6 /* Assets.xcassets */,
				FD28F80A29755BEC0026C8A6 /* LaunchScreen.storyboard */,
				FD28F80D29755BEC0026C8A6 /* Info.plist */,
			);
			path = UINavigationViewController;
			sourceTree = "<group>";
		};
		FD83BA3C2977121F00E81E45 /* Controllers */ = {
			isa = PBXGroup;
			children = (
				FD28F81929757FEA0026C8A6 /* ProductsViewController.swift */,
				FD0E981929769C500009983F /* ProductViewController.swift */,
				FD28F81329755C5D0026C8A6 /* LoginViewController.swift */,
				FD83BA44297724E700E81E45 /* CheckoutViewController.swift */,
			);
			path = Controllers;
			sourceTree = "<group>";
		};
		FD83BA3D297712AB00E81E45 /* Extentions */ = {
			isa = PBXGroup;
			children = (
				FD28F81529757AA70026C8A6 /* UIButton + Extention.swift */,
				FD28F81729757BA30026C8A6 /* UITexfield+Extention.swift */,
			);
			path = Extentions;
			sourceTree = "<group>";
		};
		FD83BA42297724B400E81E45 /* Views */ = {
			isa = PBXGroup;
			children = (
				FD28F81B29758CC10026C8A6 /* ProductView.swift */,
				FD83BA402977174500E81E45 /* LabelSwitchView.swift */,
			);
			path = Views;
			sourceTree = "<group>";
		};
		FD83BA43297724C300E81E45 /* DataModel */ = {
			isa = PBXGroup;
			children = (
				FD0E981B2976ABFF0009983F /* PizzaModel.swift */,
			);
			path = DataModel;
			sourceTree = "<group>";
		};
/* End PBXGroup section */

/* Begin PBXNativeTarget section */
		FD28F7FB29755BEB0026C8A6 /* UINavigationViewController */ = {
			isa = PBXNativeTarget;
			buildConfigurationList = FD28F81029755BEC0026C8A6 /* Build configuration list for PBXNativeTarget "UINavigationViewController" */;
			buildPhases = (
				FD28F7F829755BEB0026C8A6 /* Sources */,
				FD28F7F929755BEB0026C8A6 /* Frameworks */,
				FD28F7FA29755BEB0026C8A6 /* Resources */,
			);
			buildRules = (
			);
			dependencies = (
			);
			name = UINavigationViewController;
			productName = UINavigationViewController;
			productReference = FD28F7FC29755BEB0026C8A6 /* UINavigationViewController.app */;
			productType = "com.apple.product-type.application";
		};
/* End PBXNativeTarget section */

/* Begin PBXProject section */
		FD28F7F429755BEB0026C8A6 /* Project object */ = {
			isa = PBXProject;
			attributes = {
				BuildIndependentTargetsInParallel = 1;
				LastSwiftUpdateCheck = 1400;
				LastUpgradeCheck = 1400;
				TargetAttributes = {
					FD28F7FB29755BEB0026C8A6 = {
						CreatedOnToolsVersion = 14.0;
					};
				};
			};
			buildConfigurationList = FD28F7F729755BEB0026C8A6 /* Build configuration list for PBXProject "UINavigationViewController" */;
			compatibilityVersion = "Xcode 14.0";
			developmentRegion = en;
			hasScannedForEncodings = 0;
			knownRegions = (
				en,
				Base,
			);
			mainGroup = FD28F7F329755BEB0026C8A6;
			productRefGroup = FD28F7FD29755BEB0026C8A6 /* Products */;
			projectDirPath = "";
			projectRoot = "";
			targets = (
				FD28F7FB29755BEB0026C8A6 /* UINavigationViewController */,
			);
		};
/* End PBXProject section */

/* Begin PBXResourcesBuildPhase section */
		FD28F7FA29755BEB0026C8A6 /* Resources */ = {
			isa = PBXResourcesBuildPhase;
			buildActionMask = 2147483647;
			files = (
				FD28F80C29755BEC0026C8A6 /* LaunchScreen.storyboard in Resources */,
				FD28F80929755BEC0026C8A6 /* Assets.xcassets in Resources */,
			);
			runOnlyForDeploymentPostprocessing = 0;
		};
/* End PBXResourcesBuildPhase section */

/* Begin PBXSourcesBuildPhase section */
		FD28F7F829755BEB0026C8A6 /* Sources */ = {
			isa = PBXSourcesBuildPhase;
			buildActionMask = 2147483647;
			files = (
				FD28F81A29757FEA0026C8A6 /* ProductsViewController.swift in Sources */,
				FD28F81629757AA70026C8A6 /* UIButton + Extention.swift in Sources */,
				FD28F81429755C5E0026C8A6 /* LoginViewController.swift in Sources */,
				FD28F80029755BEB0026C8A6 /* AppDelegate.swift in Sources */,
				FD28F81C29758CC10026C8A6 /* ProductView.swift in Sources */,
				FD83BA45297724E700E81E45 /* CheckoutViewController.swift in Sources */,
				FD83BA412977174500E81E45 /* LabelSwitchView.swift in Sources */,
				FD0E981C2976ABFF0009983F /* PizzaModel.swift in Sources */,
				FD28F80229755BEB0026C8A6 /* SceneDelegate.swift in Sources */,
				FD0E981A29769C500009983F /* ProductViewController.swift in Sources */,
				FD28F81829757BA30026C8A6 /* UITexfield+Extention.swift in Sources */,
			);
			runOnlyForDeploymentPostprocessing = 0;
		};
/* End PBXSourcesBuildPhase section */

/* Begin PBXVariantGroup section */
		FD28F80A29755BEC0026C8A6 /* LaunchScreen.storyboard */ = {
			isa = PBXVariantGroup;
			children = (
				FD28F80B29755BEC0026C8A6 /* Base */,
			);
			name = LaunchScreen.storyboard;
			sourceTree = "<group>";
		};
/* End PBXVariantGroup section */

/* Begin XCBuildConfiguration section */
		FD28F80E29755BEC0026C8A6 /* Debug */ = {
			isa = XCBuildConfiguration;
			buildSettings = {
				ALWAYS_SEARCH_USER_PATHS = NO;
				CLANG_ANALYZER_NONNULL = YES;
				CLANG_ANALYZER_NUMBER_OBJECT_CONVERSION = YES_AGGRESSIVE;
				CLANG_CXX_LANGUAGE_STANDARD = "gnu++20";
				CLANG_ENABLE_MODULES = YES;
				CLANG_ENABLE_OBJC_ARC = YES;
				CLANG_ENABLE_OBJC_WEAK = YES;
				CLANG_WARN_BLOCK_CAPTURE_AUTORELEASING = YES;
				CLANG_WARN_BOOL_CONVERSION = YES;
				CLANG_WARN_COMMA = YES;
				CLANG_WARN_CONSTANT_CONVERSION = YES;
				CLANG_WARN_DEPRECATED_OBJC_IMPLEMENTATIONS = YES;
				CLANG_WARN_DIRECT_OBJC_ISA_USAGE = YES_ERROR;
				CLANG_WARN_DOCUMENTATION_COMMENTS = YES;
				CLANG_WARN_EMPTY_BODY = YES;
				CLANG_WARN_ENUM_CONVERSION = YES;
				CLANG_WARN_INFINITE_RECURSION = YES;
				CLANG_WARN_INT_CONVERSION = YES;
				CLANG_WARN_NON_LITERAL_NULL_CONVERSION = YES;
				CLANG_WARN_OBJC_IMPLICIT_RETAIN_SELF = YES;
				CLANG_WARN_OBJC_LITERAL_CONVERSION = YES;
				CLANG_WARN_OBJC_ROOT_CLASS = YES_ERROR;
				CLANG_WARN_QUOTED_INCLUDE_IN_FRAMEWORK_HEADER = YES;
				CLANG_WARN_RANGE_LOOP_ANALYSIS = YES;
				CLANG_WARN_STRICT_PROTOTYPES = YES;
				CLANG_WARN_SUSPICIOUS_MOVE = YES;
				CLANG_WARN_UNGUARDED_AVAILABILITY = YES_AGGRESSIVE;
				CLANG_WARN_UNREACHABLE_CODE = YES;
				CLANG_WARN__DUPLICATE_METHOD_MATCH = YES;
				COPY_PHASE_STRIP = NO;
				DEBUG_INFORMATION_FORMAT = dwarf;
				ENABLE_STRICT_OBJC_MSGSEND = YES;
				ENABLE_TESTABILITY = YES;
				GCC_C_LANGUAGE_STANDARD = gnu11;
				GCC_DYNAMIC_NO_PIC = NO;
				GCC_NO_COMMON_BLOCKS = YES;
				GCC_OPTIMIZATION_LEVEL = 0;
				GCC_PREPROCESSOR_DEFINITIONS = (
					"DEBUG=1",
					"$(inherited)",
				);
				GCC_WARN_64_TO_32_BIT_CONVERSION = YES;
				GCC_WARN_ABOUT_RETURN_TYPE = YES_ERROR;
				GCC_WARN_UNDECLARED_SELECTOR = YES;
				GCC_WARN_UNINITIALIZED_AUTOS = YES_AGGRESSIVE;
				GCC_WARN_UNUSED_FUNCTION = YES;
				GCC_WARN_UNUSED_VARIABLE = YES;
				IPHONEOS_DEPLOYMENT_TARGET = 16.0;
				MTL_ENABLE_DEBUG_INFO = INCLUDE_SOURCE;
				MTL_FAST_MATH = YES;
				ONLY_ACTIVE_ARCH = YES;
				SDKROOT = iphoneos;
				SWIFT_ACTIVE_COMPILATION_CONDITIONS = DEBUG;
				SWIFT_OPTIMIZATION_LEVEL = "-Onone";
			};
			name = Debug;
		};
		FD28F80F29755BEC0026C8A6 /* Release */ = {
			isa = XCBuildConfiguration;
			buildSettings = {
				ALWAYS_SEARCH_USER_PATHS = NO;
				CLANG_ANALYZER_NONNULL = YES;
				CLANG_ANALYZER_NUMBER_OBJECT_CONVERSION = YES_AGGRESSIVE;
				CLANG_CXX_LANGUAGE_STANDARD = "gnu++20";
				CLANG_ENABLE_MODULES = YES;
				CLANG_ENABLE_OBJC_ARC = YES;
				CLANG_ENABLE_OBJC_WEAK = YES;
				CLANG_WARN_BLOCK_CAPTURE_AUTORELEASING = YES;
				CLANG_WARN_BOOL_CONVERSION = YES;
				CLANG_WARN_COMMA = YES;
				CLANG_WARN_CONSTANT_CONVERSION = YES;
				CLANG_WARN_DEPRECATED_OBJC_IMPLEMENTATIONS = YES;
				CLANG_WARN_DIRECT_OBJC_ISA_USAGE = YES_ERROR;
				CLANG_WARN_DOCUMENTATION_COMMENTS = YES;
				CLANG_WARN_EMPTY_BODY = YES;
				CLANG_WARN_ENUM_CONVERSION = YES;
				CLANG_WARN_INFINITE_RECURSION = YES;
				CLANG_WARN_INT_CONVERSION = YES;
				CLANG_WARN_NON_LITERAL_NULL_CONVERSION = YES;
				CLANG_WARN_OBJC_IMPLICIT_RETAIN_SELF = YES;
				CLANG_WARN_OBJC_LITERAL_CONVERSION = YES;
				CLANG_WARN_OBJC_ROOT_CLASS = YES_ERROR;
				CLANG_WARN_QUOTED_INCLUDE_IN_FRAMEWORK_HEADER = YES;
				CLANG_WARN_RANGE_LOOP_ANALYSIS = YES;
				CLANG_WARN_STRICT_PROTOTYPES = YES;
				CLANG_WARN_SUSPICIOUS_MOVE = YES;
				CLANG_WARN_UNGUARDED_AVAILABILITY = YES_AGGRESSIVE;
				CLANG_WARN_UNREACHABLE_CODE = YES;
				CLANG_WARN__DUPLICATE_METHOD_MATCH = YES;
				COPY_PHASE_STRIP = NO;
				DEBUG_INFORMATION_FORMAT = "dwarf-with-dsym";
				ENABLE_NS_ASSERTIONS = NO;
				ENABLE_STRICT_OBJC_MSGSEND = YES;
				GCC_C_LANGUAGE_STANDARD = gnu11;
				GCC_NO_COMMON_BLOCKS = YES;
				GCC_WARN_64_TO_32_BIT_CONVERSION = YES;
				GCC_WARN_ABOUT_RETURN_TYPE = YES_ERROR;
				GCC_WARN_UNDECLARED_SELECTOR = YES;
				GCC_WARN_UNINITIALIZED_AUTOS = YES_AGGRESSIVE;
				GCC_WARN_UNUSED_FUNCTION = YES;
				GCC_WARN_UNUSED_VARIABLE = YES;
				IPHONEOS_DEPLOYMENT_TARGET = 16.0;
				MTL_ENABLE_DEBUG_INFO = NO;
				MTL_FAST_MATH = YES;
				SDKROOT = iphoneos;
				SWIFT_COMPILATION_MODE = wholemodule;
				SWIFT_OPTIMIZATION_LEVEL = "-O";
				VALIDATE_PRODUCT = YES;
			};
			name = Release;
		};
		FD28F81129755BEC0026C8A6 /* Debug */ = {
			isa = XCBuildConfiguration;
			buildSettings = {
				ASSETCATALOG_COMPILER_APPICON_NAME = AppIcon;
				ASSETCATALOG_COMPILER_GLOBAL_ACCENT_COLOR_NAME = AccentColor;
				CODE_SIGN_STYLE = Automatic;
				CURRENT_PROJECT_VERSION = 1;
				DEVELOPMENT_TEAM = VXMM262X54;
				GENERATE_INFOPLIST_FILE = YES;
				INFOPLIST_FILE = UINavigationViewController/Info.plist;
				INFOPLIST_KEY_UIApplicationSupportsIndirectInputEvents = YES;
				INFOPLIST_KEY_UILaunchStoryboardName = LaunchScreen;
				INFOPLIST_KEY_UISupportedInterfaceOrientations_iPad = "UIInterfaceOrientationPortrait UIInterfaceOrientationPortraitUpsideDown UIInterfaceOrientationLandscapeLeft UIInterfaceOrientationLandscapeRight";
				INFOPLIST_KEY_UISupportedInterfaceOrientations_iPhone = "UIInterfaceOrientationPortrait UIInterfaceOrientationLandscapeLeft UIInterfaceOrientationLandscapeRight";
				LD_RUNPATH_SEARCH_PATHS = (
					"$(inherited)",
					"@executable_path/Frameworks",
				);
				MARKETING_VERSION = 1.0;
				PRODUCT_BUNDLE_IDENTIFIER = ru.mi1212.UINavigationViewController;
				PRODUCT_NAME = "$(TARGET_NAME)";
				SWIFT_EMIT_LOC_STRINGS = YES;
				SWIFT_VERSION = 5.0;
				TARGETED_DEVICE_FAMILY = "1,2";
			};
			name = Debug;
		};
		FD28F81229755BEC0026C8A6 /* Release */ = {
			isa = XCBuildConfiguration;
			buildSettings = {
				ASSETCATALOG_COMPILER_APPICON_NAME = AppIcon;
				ASSETCATALOG_COMPILER_GLOBAL_ACCENT_COLOR_NAME = AccentColor;
				CODE_SIGN_STYLE = Automatic;
				CURRENT_PROJECT_VERSION = 1;
				DEVELOPMENT_TEAM = VXMM262X54;
				GENERATE_INFOPLIST_FILE = YES;
				INFOPLIST_FILE = UINavigationViewController/Info.plist;
				INFOPLIST_KEY_UIApplicationSupportsIndirectInputEvents = YES;
				INFOPLIST_KEY_UILaunchStoryboardName = LaunchScreen;
				INFOPLIST_KEY_UISupportedInterfaceOrientations_iPad = "UIInterfaceOrientationPortrait UIInterfaceOrientationPortraitUpsideDown UIInterfaceOrientationLandscapeLeft UIInterfaceOrientationLandscapeRight";
				INFOPLIST_KEY_UISupportedInterfaceOrientations_iPhone = "UIInterfaceOrientationPortrait UIInterfaceOrientationLandscapeLeft UIInterfaceOrientationLandscapeRight";
				LD_RUNPATH_SEARCH_PATHS = (
					"$(inherited)",
					"@executable_path/Frameworks",
				);
				MARKETING_VERSION = 1.0;
				PRODUCT_BUNDLE_IDENTIFIER = ru.mi1212.UINavigationViewController;
				PRODUCT_NAME = "$(TARGET_NAME)";
				SWIFT_EMIT_LOC_STRINGS = YES;
				SWIFT_VERSION = 5.0;
				TARGETED_DEVICE_FAMILY = "1,2";
			};
			name = Release;
		};
/* End XCBuildConfiguration section */

/* Begin XCConfigurationList section */
		FD28F7F729755BEB0026C8A6 /* Build configuration list for PBXProject "UINavigationViewController" */ = {
			isa = XCConfigurationList;
			buildConfigurations = (
				FD28F80E29755BEC0026C8A6 /* Debug */,
				FD28F80F29755BEC0026C8A6 /* Release */,
			);
			defaultConfigurationIsVisible = 0;
			defaultConfigurationName = Release;
		};
		FD28F81029755BEC0026C8A6 /* Build configuration list for PBXNativeTarget "UINavigationViewController" */ = {
			isa = XCConfigurationList;
			buildConfigurations = (
				FD28F81129755BEC0026C8A6 /* Debug */,
				FD28F81229755BEC0026C8A6 /* Release */,
			);
			defaultConfigurationIsVisible = 0;
			defaultConfigurationName = Release;
		};
/* End XCConfigurationList section */
	};
	rootObject = FD28F7F429755BEB0026C8A6 /* Project object */;
}
